
Microsoft Visual Studio Solution File, Format Version 12.00
# Visual Studio Version 17
VisualStudioVersion = 17.7.34031.279
MinimumVisualStudioVersion = 10.0.40219.1
Project("{FAE04EC0-301F-11D3-BF4B-00C04F79EFBC}") = "EntregaFinalAcademiaFront", "EntregaFinalAcademiaFront\EntregaFinalAcademiaFront.csproj", "{2C18DCF1-BDC7-44ED-AE4F-A876E6CCBAB5}"
EndProject
Project("{FAE04EC0-301F-11D3-BF4B-00C04F79EFBC}") = "Data", "Data\Data.csproj", "{A0FD1467-7BB8-4DB3-82F4-A1D40238FDC2}"
EndProject
Global
	GlobalSection(SolutionConfigurationPlatforms) = preSolution
		Debug|Any CPU = Debug|Any CPU
		Release|Any CPU = Release|Any CPU
	EndGlobalSection
	GlobalSection(ProjectConfigurationPlatforms) = postSolution
		{2C18DCF1-BDC7-44ED-AE4F-A876E6CCBAB5}.Debug|Any CPU.ActiveCfg = Debug|Any CPU
		{2C18DCF1-BDC7-44ED-AE4F-A876E6CCBAB5}.Debug|Any CPU.Build.0 = Debug|Any CPU
		{2C18DCF1-BDC7-44ED-AE4F-A876E6CCBAB5}.Release|Any CPU.ActiveCfg = Release|Any CPU
		{2C18DCF1-BDC7-44ED-AE4F-A876E6CCBAB5}.Release|Any CPU.Build.0 = Release|Any CPU
		{A0FD1467-7BB8-4DB3-82F4-A1D40238FDC2}.Debug|Any CPU.ActiveCfg = Debug|Any CPU
		{A0FD1467-7BB8-4DB3-82F4-A1D40238FDC2}.Debug|Any CPU.Build.0 = Debug|Any CPU
		{A0FD1467-7BB8-4DB3-82F4-A1D40238FDC2}.Release|Any CPU.ActiveCfg = Release|Any CPU
		{A0FD1467-7BB8-4DB3-82F4-A1D40238FDC2}.Release|Any CPU.Build.0 = Release|Any CPU
	EndGlobalSection
	GlobalSection(SolutionProperties) = preSolution
		HideSolutionNode = FALSE
	EndGlobalSection
	GlobalSection(ExtensibilityGlobals) = postSolution
		SolutionGuid = {CBCFD292-136D-413C-BA9B-E2DE75A2E673}
	EndGlobalSection
EndGlobal
